
Microsoft Visual Studio Solution File, Format Version 12.00
# Visual Studio Version 16
VisualStudioVersion = 16.0.28803.156
MinimumVisualStudioVersion = 10.0.40219.1
Project("{FAE04EC0-301F-11D3-BF4B-00C04F79EFBC}") = "5_Tree", "5_Tree\5_Tree.csproj", "{FA238C02-EB22-4570-AF9D-87D4547FA2AB}"
EndProject
Project("{2150E333-8FDC-42A3-9474-1A3956D46DE8}") = "Solution Items", "Solution Items", "{407BAB8D-4F9E-4389-9AAE-B783F1E55A99}"
	ProjectSection(SolutionItems) = preProject
		README.md = README.md
	EndProjectSection
EndProject
Project("{FAE04EC0-301F-11D3-BF4B-00C04F79EFBC}") = "Test", "Test\Test.csproj", "{FB29B52F-59F3-4553-BCC8-C889A0E4D5F3}"
EndProject
Project("{FAE04EC0-301F-11D3-BF4B-00C04F79EFBC}") = "6_Graph", "6_Graph\6_Graph.csproj", "{294568A7-F057-4D07-B345-25A05DE2CAAA}"
EndProject
Global
	GlobalSection(SolutionConfigurationPlatforms) = preSolution
		Debug|Any CPU = Debug|Any CPU
		Release|Any CPU = Release|Any CPU
	EndGlobalSection
	GlobalSection(ProjectConfigurationPlatforms) = postSolution
		{FA238C02-EB22-4570-AF9D-87D4547FA2AB}.Debug|Any CPU.ActiveCfg = Debug|Any CPU
		{FA238C02-EB22-4570-AF9D-87D4547FA2AB}.Debug|Any CPU.Build.0 = Debug|Any CPU
		{FA238C02-EB22-4570-AF9D-87D4547FA2AB}.Release|Any CPU.ActiveCfg = Release|Any CPU
		{FA238C02-EB22-4570-AF9D-87D4547FA2AB}.Release|Any CPU.Build.0 = Release|Any CPU
		{FB29B52F-59F3-4553-BCC8-C889A0E4D5F3}.Debug|Any CPU.ActiveCfg = Debug|Any CPU
		{FB29B52F-59F3-4553-BCC8-C889A0E4D5F3}.Debug|Any CPU.Build.0 = Debug|Any CPU
		{FB29B52F-59F3-4553-BCC8-C889A0E4D5F3}.Release|Any CPU.ActiveCfg = Release|Any CPU
		{FB29B52F-59F3-4553-BCC8-C889A0E4D5F3}.Release|Any CPU.Build.0 = Release|Any CPU
		{294568A7-F057-4D07-B345-25A05DE2CAAA}.Debug|Any CPU.ActiveCfg = Debug|Any CPU
		{294568A7-F057-4D07-B345-25A05DE2CAAA}.Debug|Any CPU.Build.0 = Debug|Any CPU
		{294568A7-F057-4D07-B345-25A05DE2CAAA}.Release|Any CPU.ActiveCfg = Release|Any CPU
		{294568A7-F057-4D07-B345-25A05DE2CAAA}.Release|Any CPU.Build.0 = Release|Any CPU
	EndGlobalSection
	GlobalSection(SolutionProperties) = preSolution
		HideSolutionNode = FALSE
	EndGlobalSection
	GlobalSection(ExtensibilityGlobals) = postSolution
		SolutionGuid = {7A6999BB-084C-4B3C-A17E-C2A2EB3FDCFA}
	EndGlobalSection
EndGlobal
